
Microsoft Visual Studio Solution File, Format Version 12.00
# Visual Studio Version 16
VisualStudioVersion = 16.0.31515.178
MinimumVisualStudioVersion = 10.0.40219.1
Project("{9A19103F-16F7-4668-BE54-9A1E7A4F7556}") = "CrazyBook", "Publisher\CrazyBook.csproj", "{F65A75F1-2522-422B-B36C-D5E60C1831DD}"
EndProject
Global
	GlobalSection(SolutionConfigurationPlatforms) = preSolution
		Debug|Any CPU = Debug|Any CPU
		Release|Any CPU = Release|Any CPU
	EndGlobalSection
	GlobalSection(ProjectConfigurationPlatforms) = postSolution
		{F65A75F1-2522-422B-B36C-D5E60C1831DD}.Debug|Any CPU.ActiveCfg = Debug|Any CPU
		{F65A75F1-2522-422B-B36C-D5E60C1831DD}.Debug|Any CPU.Build.0 = Debug|Any CPU
		{F65A75F1-2522-422B-B36C-D5E60C1831DD}.Release|Any CPU.ActiveCfg = Release|Any CPU
		{F65A75F1-2522-422B-B36C-D5E60C1831DD}.Release|Any CPU.Build.0 = Release|Any CPU
	EndGlobalSection
	GlobalSection(SolutionProperties) = preSolution
		HideSolutionNode = FALSE
	EndGlobalSection
	GlobalSection(ExtensibilityGlobals) = postSolution
		SolutionGuid = {FEFCAAF6-F1F9-4339-BC60-902BA4D0881D}
	EndGlobalSection
EndGlobal
