
Microsoft Visual Studio Solution File, Format Version 12.00
# Visual Studio Version 16
VisualStudioVersion = 16.0.31515.178
MinimumVisualStudioVersion = 10.0.40219.1
Project("{9A19103F-16F7-4668-BE54-9A1E7A4F7556}") = "MultiBooks", "MultiBooks\MultiBooks.csproj", "{D4FF5BFD-C7FF-4C76-BA34-5F74EC761569}"
EndProject
Project("{9A19103F-16F7-4668-BE54-9A1E7A4F7556}") = "MultiBooks_DataAccess", "MultiBooks_DataAccess\MultiBooks_DataAccess.csproj", "{2FD52AA7-F741-4DA4-BA31-97F7F5DBE7D9}"
EndProject
Project("{9A19103F-16F7-4668-BE54-9A1E7A4F7556}") = "MultiBooks_Models", "MultiBooks_Models\MultiBooks_Models.csproj", "{AC62C06D-3B4D-4B7D-8F9E-6CDB327982A4}"
EndProject
Project("{FAE04EC0-301F-11D3-BF4B-00C04F79EFBC}") = "MultiBooks_DataAccess_Tests", "MultiBooks_DataAccess_Tests\MultiBooks_DataAccess_Tests.csproj", "{6D0B83F5-D6E7-4541-A949-5ACC4C8C06E0}"
EndProject
Global
	GlobalSection(SolutionConfigurationPlatforms) = preSolution
		Debug|Any CPU = Debug|Any CPU
		Release|Any CPU = Release|Any CPU
	EndGlobalSection
	GlobalSection(ProjectConfigurationPlatforms) = postSolution
		{D4FF5BFD-C7FF-4C76-BA34-5F74EC761569}.Debug|Any CPU.ActiveCfg = Debug|Any CPU
		{D4FF5BFD-C7FF-4C76-BA34-5F74EC761569}.Debug|Any CPU.Build.0 = Debug|Any CPU
		{D4FF5BFD-C7FF-4C76-BA34-5F74EC761569}.Release|Any CPU.ActiveCfg = Release|Any CPU
		{D4FF5BFD-C7FF-4C76-BA34-5F74EC761569}.Release|Any CPU.Build.0 = Release|Any CPU
		{2FD52AA7-F741-4DA4-BA31-97F7F5DBE7D9}.Debug|Any CPU.ActiveCfg = Debug|Any CPU
		{2FD52AA7-F741-4DA4-BA31-97F7F5DBE7D9}.Debug|Any CPU.Build.0 = Debug|Any CPU
		{2FD52AA7-F741-4DA4-BA31-97F7F5DBE7D9}.Release|Any CPU.ActiveCfg = Release|Any CPU
		{2FD52AA7-F741-4DA4-BA31-97F7F5DBE7D9}.Release|Any CPU.Build.0 = Release|Any CPU
		{AC62C06D-3B4D-4B7D-8F9E-6CDB327982A4}.Debug|Any CPU.ActiveCfg = Debug|Any CPU
		{AC62C06D-3B4D-4B7D-8F9E-6CDB327982A4}.Debug|Any CPU.Build.0 = Debug|Any CPU
		{AC62C06D-3B4D-4B7D-8F9E-6CDB327982A4}.Release|Any CPU.ActiveCfg = Release|Any CPU
		{AC62C06D-3B4D-4B7D-8F9E-6CDB327982A4}.Release|Any CPU.Build.0 = Release|Any CPU
		{6D0B83F5-D6E7-4541-A949-5ACC4C8C06E0}.Debug|Any CPU.ActiveCfg = Debug|Any CPU
		{6D0B83F5-D6E7-4541-A949-5ACC4C8C06E0}.Debug|Any CPU.Build.0 = Debug|Any CPU
		{6D0B83F5-D6E7-4541-A949-5ACC4C8C06E0}.Release|Any CPU.ActiveCfg = Release|Any CPU
		{6D0B83F5-D6E7-4541-A949-5ACC4C8C06E0}.Release|Any CPU.Build.0 = Release|Any CPU
	EndGlobalSection
	GlobalSection(SolutionProperties) = preSolution
		HideSolutionNode = FALSE
	EndGlobalSection
	GlobalSection(ExtensibilityGlobals) = postSolution
		SolutionGuid = {FEFCAAF6-F1F9-4339-BC60-902BA4D0881D}
	EndGlobalSection
EndGlobal
